
Microsoft Visual Studio Solution File, Format Version 12.00
# Visual Studio 15
VisualStudioVersion = 15.0.27130.2010
MinimumVisualStudioVersion = 10.0.40219.1
Project("{FAE04EC0-301F-11D3-BF4B-00C04F79EFBC}") = "Elections", "Elections\Elections.csproj", "{20E4FF46-3F49-4B5E-9011-30221F6E2B52}"
EndProject
Project("{FAE04EC0-301F-11D3-BF4B-00C04F79EFBC}") = "TestElections", "TestElections\TestElections.csproj", "{8638E02E-1C85-4320-9F0E-FE3098351BDC}"
EndProject
Project("{FAE04EC0-301F-11D3-BF4B-00C04F79EFBC}") = "ElectionsForm", "ElectionsForm\ElectionsForm.csproj", "{A8F8C050-620B-4FC8-95DE-F1953A01ED10}"
EndProject
Project("{FAE04EC0-301F-11D3-BF4B-00C04F79EFBC}") = "ElectionRunHelper", "ElectionRunHelper\ElectionRunHelper.csproj", "{7D4BF921-EF8E-478A-BECC-79DF67FBD7AE}"
EndProject
Project("{FAE04EC0-301F-11D3-BF4B-00C04F79EFBC}") = "DataTest", "DataTest\DataTest.csproj", "{C07F160B-E902-46D4-B68F-1F7D99826FD1}"
EndProject
Project("{FAE04EC0-301F-11D3-BF4B-00C04F79EFBC}") = "Data", "Data\Data.csproj", "{AD46A3E1-4AC2-4C09-9AF8-1F3D215CF333}"
EndProject
Project("{2150E333-8FDC-42A3-9474-1A3956D46DE8}") = "New", "New", "{11F66CDE-9A1B-43C2-8303-6804E0F4022F}"
EndProject
Project("{2150E333-8FDC-42A3-9474-1A3956D46DE8}") = "Old", "Old", "{8FC71A5C-C4E4-4E19-9B75-F98B646E04DF}"
EndProject
Project("{FAE04EC0-301F-11D3-BF4B-00C04F79EFBC}") = "Data.Core", "Data.Core\Data.Core.csproj", "{C851AE66-3C29-4179-9836-9EFBC8E3B7A4}"
EndProject
Project("{2150E333-8FDC-42A3-9474-1A3956D46DE8}") = "Common", "Common", "{65F43C22-04AA-435A-95FA-C849927B29EE}"
EndProject
Global
	GlobalSection(SolutionConfigurationPlatforms) = preSolution
		Debug|Any CPU = Debug|Any CPU
		Debug|Mixed Platforms = Debug|Mixed Platforms
		Debug|x86 = Debug|x86
		Release|Any CPU = Release|Any CPU
		Release|Mixed Platforms = Release|Mixed Platforms
		Release|x86 = Release|x86
	EndGlobalSection
	GlobalSection(ProjectConfigurationPlatforms) = postSolution
		{20E4FF46-3F49-4B5E-9011-30221F6E2B52}.Debug|Any CPU.ActiveCfg = Debug|x86
		{20E4FF46-3F49-4B5E-9011-30221F6E2B52}.Debug|Mixed Platforms.ActiveCfg = Debug|x86
		{20E4FF46-3F49-4B5E-9011-30221F6E2B52}.Debug|Mixed Platforms.Build.0 = Debug|x86
		{20E4FF46-3F49-4B5E-9011-30221F6E2B52}.Debug|x86.ActiveCfg = Debug|x86
		{20E4FF46-3F49-4B5E-9011-30221F6E2B52}.Debug|x86.Build.0 = Debug|x86
		{20E4FF46-3F49-4B5E-9011-30221F6E2B52}.Release|Any CPU.ActiveCfg = Release|x86
		{20E4FF46-3F49-4B5E-9011-30221F6E2B52}.Release|Mixed Platforms.ActiveCfg = Release|x86
		{20E4FF46-3F49-4B5E-9011-30221F6E2B52}.Release|Mixed Platforms.Build.0 = Release|x86
		{20E4FF46-3F49-4B5E-9011-30221F6E2B52}.Release|x86.ActiveCfg = Release|x86
		{20E4FF46-3F49-4B5E-9011-30221F6E2B52}.Release|x86.Build.0 = Release|x86
		{8638E02E-1C85-4320-9F0E-FE3098351BDC}.Debug|Any CPU.ActiveCfg = Debug|Any CPU
		{8638E02E-1C85-4320-9F0E-FE3098351BDC}.Debug|Any CPU.Build.0 = Debug|Any CPU
		{8638E02E-1C85-4320-9F0E-FE3098351BDC}.Debug|Mixed Platforms.ActiveCfg = Debug|Any CPU
		{8638E02E-1C85-4320-9F0E-FE3098351BDC}.Debug|Mixed Platforms.Build.0 = Debug|Any CPU
		{8638E02E-1C85-4320-9F0E-FE3098351BDC}.Debug|x86.ActiveCfg = Debug|Any CPU
		{8638E02E-1C85-4320-9F0E-FE3098351BDC}.Release|Any CPU.ActiveCfg = Release|Any CPU
		{8638E02E-1C85-4320-9F0E-FE3098351BDC}.Release|Any CPU.Build.0 = Release|Any CPU
		{8638E02E-1C85-4320-9F0E-FE3098351BDC}.Release|Mixed Platforms.ActiveCfg = Release|Any CPU
		{8638E02E-1C85-4320-9F0E-FE3098351BDC}.Release|Mixed Platforms.Build.0 = Release|Any CPU
		{8638E02E-1C85-4320-9F0E-FE3098351BDC}.Release|x86.ActiveCfg = Release|Any CPU
		{A8F8C050-620B-4FC8-95DE-F1953A01ED10}.Debug|Any CPU.ActiveCfg = Debug|x86
		{A8F8C050-620B-4FC8-95DE-F1953A01ED10}.Debug|Mixed Platforms.ActiveCfg = Debug|x86
		{A8F8C050-620B-4FC8-95DE-F1953A01ED10}.Debug|Mixed Platforms.Build.0 = Debug|x86
		{A8F8C050-620B-4FC8-95DE-F1953A01ED10}.Debug|x86.ActiveCfg = Debug|x86
		{A8F8C050-620B-4FC8-95DE-F1953A01ED10}.Debug|x86.Build.0 = Debug|x86
		{A8F8C050-620B-4FC8-95DE-F1953A01ED10}.Release|Any CPU.ActiveCfg = Release|x86
		{A8F8C050-620B-4FC8-95DE-F1953A01ED10}.Release|Mixed Platforms.ActiveCfg = Release|x86
		{A8F8C050-620B-4FC8-95DE-F1953A01ED10}.Release|Mixed Platforms.Build.0 = Release|x86
		{A8F8C050-620B-4FC8-95DE-F1953A01ED10}.Release|x86.ActiveCfg = Release|x86
		{A8F8C050-620B-4FC8-95DE-F1953A01ED10}.Release|x86.Build.0 = Release|x86
		{7D4BF921-EF8E-478A-BECC-79DF67FBD7AE}.Debug|Any CPU.ActiveCfg = Debug|x86
		{7D4BF921-EF8E-478A-BECC-79DF67FBD7AE}.Debug|Mixed Platforms.ActiveCfg = Debug|x86
		{7D4BF921-EF8E-478A-BECC-79DF67FBD7AE}.Debug|Mixed Platforms.Build.0 = Debug|x86
		{7D4BF921-EF8E-478A-BECC-79DF67FBD7AE}.Debug|x86.ActiveCfg = Debug|x86
		{7D4BF921-EF8E-478A-BECC-79DF67FBD7AE}.Debug|x86.Build.0 = Debug|x86
		{7D4BF921-EF8E-478A-BECC-79DF67FBD7AE}.Release|Any CPU.ActiveCfg = Release|x86
		{7D4BF921-EF8E-478A-BECC-79DF67FBD7AE}.Release|Mixed Platforms.ActiveCfg = Release|x86
		{7D4BF921-EF8E-478A-BECC-79DF67FBD7AE}.Release|Mixed Platforms.Build.0 = Release|x86
		{7D4BF921-EF8E-478A-BECC-79DF67FBD7AE}.Release|x86.ActiveCfg = Release|x86
		{7D4BF921-EF8E-478A-BECC-79DF67FBD7AE}.Release|x86.Build.0 = Release|x86
		{C07F160B-E902-46D4-B68F-1F7D99826FD1}.Debug|Any CPU.ActiveCfg = Debug|Any CPU
		{C07F160B-E902-46D4-B68F-1F7D99826FD1}.Debug|Any CPU.Build.0 = Debug|Any CPU
		{C07F160B-E902-46D4-B68F-1F7D99826FD1}.Debug|Mixed Platforms.ActiveCfg = Debug|Any CPU
		{C07F160B-E902-46D4-B68F-1F7D99826FD1}.Debug|Mixed Platforms.Build.0 = Debug|Any CPU
		{C07F160B-E902-46D4-B68F-1F7D99826FD1}.Debug|x86.ActiveCfg = Debug|Any CPU
		{C07F160B-E902-46D4-B68F-1F7D99826FD1}.Debug|x86.Build.0 = Debug|Any CPU
		{C07F160B-E902-46D4-B68F-1F7D99826FD1}.Release|Any CPU.ActiveCfg = Release|Any CPU
		{C07F160B-E902-46D4-B68F-1F7D99826FD1}.Release|Any CPU.Build.0 = Release|Any CPU
		{C07F160B-E902-46D4-B68F-1F7D99826FD1}.Release|Mixed Platforms.ActiveCfg = Release|Any CPU
		{C07F160B-E902-46D4-B68F-1F7D99826FD1}.Release|Mixed Platforms.Build.0 = Release|Any CPU
		{C07F160B-E902-46D4-B68F-1F7D99826FD1}.Release|x86.ActiveCfg = Release|Any CPU
		{C07F160B-E902-46D4-B68F-1F7D99826FD1}.Release|x86.Build.0 = Release|Any CPU
		{AD46A3E1-4AC2-4C09-9AF8-1F3D215CF333}.Debug|Any CPU.ActiveCfg = Debug|Any CPU
		{AD46A3E1-4AC2-4C09-9AF8-1F3D215CF333}.Debug|Any CPU.Build.0 = Debug|Any CPU
		{AD46A3E1-4AC2-4C09-9AF8-1F3D215CF333}.Debug|Mixed Platforms.ActiveCfg = Debug|Any CPU
		{AD46A3E1-4AC2-4C09-9AF8-1F3D215CF333}.Debug|Mixed Platforms.Build.0 = Debug|Any CPU
		{AD46A3E1-4AC2-4C09-9AF8-1F3D215CF333}.Debug|x86.ActiveCfg = Debug|Any CPU
		{AD46A3E1-4AC2-4C09-9AF8-1F3D215CF333}.Debug|x86.Build.0 = Debug|Any CPU
		{AD46A3E1-4AC2-4C09-9AF8-1F3D215CF333}.Release|Any CPU.ActiveCfg = Release|Any CPU
		{AD46A3E1-4AC2-4C09-9AF8-1F3D215CF333}.Release|Any CPU.Build.0 = Release|Any CPU
		{AD46A3E1-4AC2-4C09-9AF8-1F3D215CF333}.Release|Mixed Platforms.ActiveCfg = Release|Any CPU
		{AD46A3E1-4AC2-4C09-9AF8-1F3D215CF333}.Release|Mixed Platforms.Build.0 = Release|Any CPU
		{AD46A3E1-4AC2-4C09-9AF8-1F3D215CF333}.Release|x86.ActiveCfg = Release|Any CPU
		{AD46A3E1-4AC2-4C09-9AF8-1F3D215CF333}.Release|x86.Build.0 = Release|Any CPU
		{C851AE66-3C29-4179-9836-9EFBC8E3B7A4}.Debug|Any CPU.ActiveCfg = Debug|Any CPU
		{C851AE66-3C29-4179-9836-9EFBC8E3B7A4}.Debug|Any CPU.Build.0 = Debug|Any CPU
		{C851AE66-3C29-4179-9836-9EFBC8E3B7A4}.Debug|Mixed Platforms.ActiveCfg = Debug|Any CPU
		{C851AE66-3C29-4179-9836-9EFBC8E3B7A4}.Debug|Mixed Platforms.Build.0 = Debug|Any CPU
		{C851AE66-3C29-4179-9836-9EFBC8E3B7A4}.Debug|x86.ActiveCfg = Debug|Any CPU
		{C851AE66-3C29-4179-9836-9EFBC8E3B7A4}.Debug|x86.Build.0 = Debug|Any CPU
		{C851AE66-3C29-4179-9836-9EFBC8E3B7A4}.Release|Any CPU.ActiveCfg = Release|Any CPU
		{C851AE66-3C29-4179-9836-9EFBC8E3B7A4}.Release|Any CPU.Build.0 = Release|Any CPU
		{C851AE66-3C29-4179-9836-9EFBC8E3B7A4}.Release|Mixed Platforms.ActiveCfg = Release|Any CPU
		{C851AE66-3C29-4179-9836-9EFBC8E3B7A4}.Release|Mixed Platforms.Build.0 = Release|Any CPU
		{C851AE66-3C29-4179-9836-9EFBC8E3B7A4}.Release|x86.ActiveCfg = Release|Any CPU
		{C851AE66-3C29-4179-9836-9EFBC8E3B7A4}.Release|x86.Build.0 = Release|Any CPU
	EndGlobalSection
	GlobalSection(SolutionProperties) = preSolution
		HideSolutionNode = FALSE
	EndGlobalSection
	GlobalSection(NestedProjects) = preSolution
		{20E4FF46-3F49-4B5E-9011-30221F6E2B52} = {8FC71A5C-C4E4-4E19-9B75-F98B646E04DF}
		{8638E02E-1C85-4320-9F0E-FE3098351BDC} = {8FC71A5C-C4E4-4E19-9B75-F98B646E04DF}
		{A8F8C050-620B-4FC8-95DE-F1953A01ED10} = {8FC71A5C-C4E4-4E19-9B75-F98B646E04DF}
		{7D4BF921-EF8E-478A-BECC-79DF67FBD7AE} = {8FC71A5C-C4E4-4E19-9B75-F98B646E04DF}
		{C07F160B-E902-46D4-B68F-1F7D99826FD1} = {11F66CDE-9A1B-43C2-8303-6804E0F4022F}
		{AD46A3E1-4AC2-4C09-9AF8-1F3D215CF333} = {11F66CDE-9A1B-43C2-8303-6804E0F4022F}
		{C851AE66-3C29-4179-9836-9EFBC8E3B7A4} = {65F43C22-04AA-435A-95FA-C849927B29EE}
	EndGlobalSection
	GlobalSection(ExtensibilityGlobals) = postSolution
		SolutionGuid = {895BA3F0-F898-4F40-90F4-4A5D89EB6FAF}
	EndGlobalSection
EndGlobal
